
Microsoft Visual Studio Solution File, Format Version 12.00
# Visual Studio Version 17
VisualStudioVersion = 17.11.35327.3
MinimumVisualStudioVersion = 10.0.40219.1
Project("{FAE04EC0-301F-11D3-BF4B-00C04F79EFBC}") = "GenteFitApp", "GenteFitApp.csproj", "{4D576FA5-019D-4E61-925C-BB3AF181D5CD}"
EndProject
Project("{9A19103F-16F7-4668-BE54-9A1E7A4F7556}") = "GenteFitAppTests", "..\ReservaService\GenteFitAppTests.csproj", "{9F33230A-1FB9-47E6-9830-A180A4AB36A4}"
	ProjectSection(ProjectDependencies) = postProject
		{4D576FA5-019D-4E61-925C-BB3AF181D5CD} = {4D576FA5-019D-4E61-925C-BB3AF181D5CD}
	EndProjectSection
EndProject
Global
	GlobalSection(SolutionConfigurationPlatforms) = preSolution
		Debug|Any CPU = Debug|Any CPU
		Release|Any CPU = Release|Any CPU
	EndGlobalSection
	GlobalSection(ProjectConfigurationPlatforms) = postSolution
		{4D576FA5-019D-4E61-925C-BB3AF181D5CD}.Debug|Any CPU.ActiveCfg = Debug|Any CPU
		{4D576FA5-019D-4E61-925C-BB3AF181D5CD}.Debug|Any CPU.Build.0 = Debug|Any CPU
		{4D576FA5-019D-4E61-925C-BB3AF181D5CD}.Release|Any CPU.ActiveCfg = Release|Any CPU
		{4D576FA5-019D-4E61-925C-BB3AF181D5CD}.Release|Any CPU.Build.0 = Release|Any CPU
		{9F33230A-1FB9-47E6-9830-A180A4AB36A4}.Debug|Any CPU.ActiveCfg = Debug|Any CPU
		{9F33230A-1FB9-47E6-9830-A180A4AB36A4}.Debug|Any CPU.Build.0 = Debug|Any CPU
		{9F33230A-1FB9-47E6-9830-A180A4AB36A4}.Release|Any CPU.ActiveCfg = Release|Any CPU
		{9F33230A-1FB9-47E6-9830-A180A4AB36A4}.Release|Any CPU.Build.0 = Release|Any CPU
	EndGlobalSection
	GlobalSection(SolutionProperties) = preSolution
		HideSolutionNode = FALSE
	EndGlobalSection
	GlobalSection(ExtensibilityGlobals) = postSolution
		SolutionGuid = {F26B0625-FA4B-4230-85B3-5354BC6B3FD9}
	EndGlobalSection
EndGlobal
