
Microsoft Visual Studio Solution File, Format Version 12.00
# Visual Studio Version 17
VisualStudioVersion = 17.11.35327.3
MinimumVisualStudioVersion = 10.0.40219.1
Project("{FAE04EC0-301F-11D3-BF4B-00C04F79EFBC}") = "GenteFitApp", "GenteFitApp.csproj", "{4D576FA5-019D-4E61-925C-BB3AF181D5CD}"
EndProject
Project("{FAE04EC0-301F-11D3-BF4B-00C04F79EFBC}") = "GenteFitApp.test", "..\..\..\..\Desktop\GenteFitApp.test\GenteFitApp.test.csproj", "{98A843F2-28C0-4208-BCD0-92E7B5E57A1D}"
EndProject
Global
	GlobalSection(SolutionConfigurationPlatforms) = preSolution
		Debug|Any CPU = Debug|Any CPU
		Release|Any CPU = Release|Any CPU
	EndGlobalSection
	GlobalSection(ProjectConfigurationPlatforms) = postSolution
		{4D576FA5-019D-4E61-925C-BB3AF181D5CD}.Debug|Any CPU.ActiveCfg = Debug|Any CPU
		{4D576FA5-019D-4E61-925C-BB3AF181D5CD}.Debug|Any CPU.Build.0 = Debug|Any CPU
		{4D576FA5-019D-4E61-925C-BB3AF181D5CD}.Release|Any CPU.ActiveCfg = Release|Any CPU
		{4D576FA5-019D-4E61-925C-BB3AF181D5CD}.Release|Any CPU.Build.0 = Release|Any CPU
		{98A843F2-28C0-4208-BCD0-92E7B5E57A1D}.Debug|Any CPU.ActiveCfg = Debug|Any CPU
		{98A843F2-28C0-4208-BCD0-92E7B5E57A1D}.Debug|Any CPU.Build.0 = Debug|Any CPU
		{98A843F2-28C0-4208-BCD0-92E7B5E57A1D}.Release|Any CPU.ActiveCfg = Release|Any CPU
		{98A843F2-28C0-4208-BCD0-92E7B5E57A1D}.Release|Any CPU.Build.0 = Release|Any CPU
	EndGlobalSection
	GlobalSection(SolutionProperties) = preSolution
		HideSolutionNode = FALSE
	EndGlobalSection
	GlobalSection(ExtensibilityGlobals) = postSolution
		SolutionGuid = {F26B0625-FA4B-4230-85B3-5354BC6B3FD9}
	EndGlobalSection
EndGlobal
